
Microsoft Visual Studio Solution File, Format Version 12.00
# Visual Studio Version 17
VisualStudioVersion = 17.4.33403.182
MinimumVisualStudioVersion = 10.0.40219.1
Project("{8BC9CEB8-8B4A-11D0-8D11-00A0C91BC942}") = "tic tac toe", "tic tac toe\tic tac toe.vcxproj", "{51069264-D3FF-44ED-9A39-0492A3304B5B}"
EndProject
Global
	GlobalSection(SolutionConfigurationPlatforms) = preSolution
		Debug|x64 = Debug|x64
		Debug|x86 = Debug|x86
		Release|x64 = Release|x64
		Release|x86 = Release|x86
	EndGlobalSection
	GlobalSection(ProjectConfigurationPlatforms) = postSolution
		{51069264-D3FF-44ED-9A39-0492A3304B5B}.Debug|x64.ActiveCfg = Debug|x64
		{51069264-D3FF-44ED-9A39-0492A3304B5B}.Debug|x64.Build.0 = Debug|x64
		{51069264-D3FF-44ED-9A39-0492A3304B5B}.Debug|x86.ActiveCfg = Debug|Win32
		{51069264-D3FF-44ED-9A39-0492A3304B5B}.Debug|x86.Build.0 = Debug|Win32
		{51069264-D3FF-44ED-9A39-0492A3304B5B}.Release|x64.ActiveCfg = Release|x64
		{51069264-D3FF-44ED-9A39-0492A3304B5B}.Release|x64.Build.0 = Release|x64
		{51069264-D3FF-44ED-9A39-0492A3304B5B}.Release|x86.ActiveCfg = Release|Win32
		{51069264-D3FF-44ED-9A39-0492A3304B5B}.Release|x86.Build.0 = Release|Win32
	EndGlobalSection
	GlobalSection(SolutionProperties) = preSolution
		HideSolutionNode = FALSE
	EndGlobalSection
	GlobalSection(ExtensibilityGlobals) = postSolution
		SolutionGuid = {583B57C9-78CD-4D9D-8977-5872A9C6F0A7}
	EndGlobalSection
EndGlobal
